// !$*UTF8*$!
{
	archiveVersion = 1;
	classes = {
	};
	objectVersion = 46;
	objects = {

/* Begin PBXBuildFile section */
		33E18E8F1A48A7E000DC44CD /* main.cpp in Sources */ = {isa = PBXBuildFile; fileRef = 33E18E8E1A48A7E000DC44CD /* main.cpp */; };
		33E18E9A1A48BAFD00DC44CD /* complex.cpp in Sources */ = {isa = PBXBuildFile; fileRef = 33E18E981A48BAFD00DC44CD /* complex.cpp */; };
		33E18E9E1A48D67F00DC44CD /* round.cpp in Sources */ = {isa = PBXBuildFile; fileRef = 33E18E9C1A48D67F00DC44CD /* round.cpp */; };
/* End PBXBuildFile section */

/* Begin PBXCopyFilesBuildPhase section */
		33E18E891A48A7E000DC44CD /* CopyFiles */ = {
			isa = PBXCopyFilesBuildPhase;
			buildActionMask = 2147483647;
			dstPath = /usr/share/man/man1/;
			dstSubfolderSpec = 0;
			files = (
			);
			runOnlyForDeploymentPostprocessing = 1;
		};
/* End PBXCopyFilesBuildPhase section */

/* Begin PBXFileReference section */
		33E18E8B1A48A7E000DC44CD /* FFT */ = {isa = PBXFileReference; explicitFileType = "compiled.mach-o.executable"; includeInIndex = 0; path = FFT; sourceTree = BUILT_PRODUCTS_DIR; };
		33E18E8E1A48A7E000DC44CD /* main.cpp */ = {isa = PBXFileReference; lastKnownFileType = sourcecode.cpp.cpp; path = main.cpp; sourceTree = "<group>"; };
		33E18E981A48BAFD00DC44CD /* complex.cpp */ = {isa = PBXFileReference; fileEncoding = 4; lastKnownFileType = sourcecode.cpp.cpp; path = complex.cpp; sourceTree = "<group>"; };
		33E18E991A48BAFD00DC44CD /* complex.h */ = {isa = PBXFileReference; fileEncoding = 4; lastKnownFileType = sourcecode.c.h; path = complex.h; sourceTree = "<group>"; };
		33E18E9C1A48D67F00DC44CD /* round.cpp */ = {isa = PBXFileReference; fileEncoding = 4; lastKnownFileType = sourcecode.cpp.cpp; path = round.cpp; sourceTree = "<group>"; };
		33E18E9D1A48D67F00DC44CD /* round.h */ = {isa = PBXFileReference; fileEncoding = 4; lastKnownFileType = sourcecode.c.h; path = round.h; sourceTree = "<group>"; };
/* End PBXFileReference section */

/* Begin PBXFrameworksBuildPhase section */
		33E18E881A48A7E000DC44CD /* Frameworks */ = {
			isa = PBXFrameworksBuildPhase;
			buildActionMask = 2147483647;
			files = (
			);
			runOnlyForDeploymentPostprocessing = 0;
		};
/* End PBXFrameworksBuildPhase section */

/* Begin PBXGroup section */
		33E18E821A48A7E000DC44CD = {
			isa = PBXGroup;
			children = (
				33E18E8D1A48A7E000DC44CD /* FFT */,
				33E18E8C1A48A7E000DC44CD /* Products */,
			);
			sourceTree = "<group>";
		};
		33E18E8C1A48A7E000DC44CD /* Products */ = {
			isa = PBXGroup;
			children = (
				33E18E8B1A48A7E000DC44CD /* FFT */,
			);
			name = Products;
			sourceTree = "<group>";
		};
		33E18E8D1A48A7E000DC44CD /* FFT */ = {
			isa = PBXGroup;
			children = (
				33E18E8E1A48A7E000DC44CD /* main.cpp */,
				33E18E981A48BAFD00DC44CD /* complex.cpp */,
				33E18E991A48BAFD00DC44CD /* complex.h */,
				33E18E9C1A48D67F00DC44CD /* round.cpp */,
				33E18E9D1A48D67F00DC44CD /* round.h */,
			);
			path = FFT;
			sourceTree = "<group>";
		};
/* End PBXGroup section */

/* Begin PBXNativeTarget section */
		33E18E8A1A48A7E000DC44CD /* FFT */ = {
			isa = PBXNativeTarget;
			buildConfigurationList = 33E18E921A48A7E000DC44CD /* Build configuration list for PBXNativeTarget "FFT" */;
			buildPhases = (
				33E18E871A48A7E000DC44CD /* Sources */,
				33E18E881A48A7E000DC44CD /* Frameworks */,
				33E18E891A48A7E000DC44CD /* CopyFiles */,
			);
			buildRules = (
			);
			dependencies = (
			);
			name = FFT;
			productName = FFT;
			productReference = 33E18E8B1A48A7E000DC44CD /* FFT */;
			productType = "com.apple.product-type.tool";
		};
/* End PBXNativeTarget section */

/* Begin PBXProject section */
		33E18E831A48A7E000DC44CD /* Project object */ = {
			isa = PBXProject;
			attributes = {
				LastUpgradeCheck = 0610;
				ORGANIZATIONNAME = "Andrey Bogdanov";
				TargetAttributes = {
					33E18E8A1A48A7E000DC44CD = {
						CreatedOnToolsVersion = 6.1.1;
					};
				};
			};
			buildConfigurationList = 33E18E861A48A7E000DC44CD /* Build configuration list for PBXProject "FFT" */;
			compatibilityVersion = "Xcode 3.2";
			developmentRegion = English;
			hasScannedForEncodings = 0;
			knownRegions = (
				en,
			);
			mainGroup = 33E18E821A48A7E000DC44CD;
			productRefGroup = 33E18E8C1A48A7E000DC44CD /* Products */;
			projectDirPath = "";
			projectRoot = "";
			targets = (
				33E18E8A1A48A7E000DC44CD /* FFT */,
			);
		};
/* End PBXProject section */

/* Begin PBXSourcesBuildPhase section */
		33E18E871A48A7E000DC44CD /* Sources */ = {
			isa = PBXSourcesBuildPhase;
			buildActionMask = 2147483647;
			files = (
				33E18E9E1A48D67F00DC44CD /* round.cpp in Sources */,
				33E18E9A1A48BAFD00DC44CD /* complex.cpp in Sources */,
				33E18E8F1A48A7E000DC44CD /* main.cpp in Sources */,
			);
			runOnlyForDeploymentPostprocessing = 0;
		};
/* End PBXSourcesBuildPhase section */

/* Begin XCBuildConfiguration section */
		33E18E901A48A7E000DC44CD /* Debug */ = {
			isa = XCBuildConfiguration;
			buildSettings = {
				ALWAYS_SEARCH_USER_PATHS = NO;
				CLANG_CXX_LANGUAGE_STANDARD = "gnu++0x";
				CLANG_CXX_LIBRARY = "libc++";
				CLANG_ENABLE_MODULES = YES;
				CLANG_ENABLE_OBJC_ARC = YES;
				CLANG_WARN_BOOL_CONVERSION = YES;
				CLANG_WARN_CONSTANT_CONVERSION = YES;
				CLANG_WARN_DIRECT_OBJC_ISA_USAGE = YES_ERROR;
				CLANG_WARN_EMPTY_BODY = YES;
				CLANG_WARN_ENUM_CONVERSION = YES;
				CLANG_WARN_INT_CONVERSION = YES;
				CLANG_WARN_OBJC_ROOT_CLASS = YES_ERROR;
				CLANG_WARN_UNREACHABLE_CODE = YES;
				CLANG_WARN__DUPLICATE_METHOD_MATCH = YES;
				COPY_PHASE_STRIP = NO;
				ENABLE_STRICT_OBJC_MSGSEND = YES;
				GCC_C_LANGUAGE_STANDARD = gnu99;
				GCC_DYNAMIC_NO_PIC = NO;
				GCC_OPTIMIZATION_LEVEL = 0;
				GCC_PREPROCESSOR_DEFINITIONS = (
					"DEBUG=1",
					"$(inherited)",
				);
				GCC_SYMBOLS_PRIVATE_EXTERN = NO;
				GCC_WARN_64_TO_32_BIT_CONVERSION = YES;
				GCC_WARN_ABOUT_RETURN_TYPE = YES_ERROR;
				GCC_WARN_UNDECLARED_SELECTOR = YES;
				GCC_WARN_UNINITIALIZED_AUTOS = YES_AGGRESSIVE;
				GCC_WARN_UNUSED_FUNCTION = YES;
				GCC_WARN_UNUSED_VARIABLE = YES;
				MACOSX_DEPLOYMENT_TARGET = 10.9;
				MTL_ENABLE_DEBUG_INFO = YES;
				ONLY_ACTIVE_ARCH = YES;
				SDKROOT = macosx;
			};
			name = Debug;
		};
		33E18E911A48A7E000DC44CD /* Release */ = {
			isa = XCBuildConfiguration;
			buildSettings = {
				ALWAYS_SEARCH_USER_PATHS = NO;
				CLANG_CXX_LANGUAGE_STANDARD = "gnu++0x";
				CLANG_CXX_LIBRARY = "libc++";
				CLANG_ENABLE_MODULES = YES;
				CLANG_ENABLE_OBJC_ARC = YES;
				CLANG_WARN_BOOL_CONVERSION = YES;
				CLANG_WARN_CONSTANT_CONVERSION = YES;
				CLANG_WARN_DIRECT_OBJC_ISA_USAGE = YES_ERROR;
				CLANG_WARN_EMPTY_BODY = YES;
				CLANG_WARN_ENUM_CONVERSION = YES;
				CLANG_WARN_INT_CONVERSION = YES;
				CLANG_WARN_OBJC_ROOT_CLASS = YES_ERROR;
				CLANG_WARN_UNREACHABLE_CODE = YES;
				CLANG_WARN__DUPLICATE_METHOD_MATCH = YES;
				COPY_PHASE_STRIP = YES;
				DEBUG_INFORMATION_FORMAT = "dwarf-with-dsym";
				ENABLE_NS_ASSERTIONS = NO;
				ENABLE_STRICT_OBJC_MSGSEND = YES;
				GCC_C_LANGUAGE_STANDARD = gnu99;
				GCC_WARN_64_TO_32_BIT_CONVERSION = YES;
				GCC_WARN_ABOUT_RETURN_TYPE = YES_ERROR;
				GCC_WARN_UNDECLARED_SELECTOR = YES;
				GCC_WARN_UNINITIALIZED_AUTOS = YES_AGGRESSIVE;
				GCC_WARN_UNUSED_FUNCTION = YES;
				GCC_WARN_UNUSED_VARIABLE = YES;
				MACOSX_DEPLOYMENT_TARGET = 10.9;
				MTL_ENABLE_DEBUG_INFO = NO;
				SDKROOT = macosx;
			};
			name = Release;
		};
		33E18E931A48A7E000DC44CD /* Debug */ = {
			isa = XCBuildConfiguration;
			buildSettings = {
				PRODUCT_NAME = "$(TARGET_NAME)";
				SDKROOT = macosx10.9;
			};
			name = Debug;
		};
		33E18E941A48A7E000DC44CD /* Release */ = {
			isa = XCBuildConfiguration;
			buildSettings = {
				PRODUCT_NAME = "$(TARGET_NAME)";
				SDKROOT = macosx10.9;
			};
			name = Release;
		};
/* End XCBuildConfiguration section */

/* Begin XCConfigurationList section */
		33E18E861A48A7E000DC44CD /* Build configuration list for PBXProject "FFT" */ = {
			isa = XCConfigurationList;
			buildConfigurations = (
				33E18E901A48A7E000DC44CD /* Debug */,
				33E18E911A48A7E000DC44CD /* Release */,
			);
			defaultConfigurationIsVisible = 0;
			defaultConfigurationName = Release;
		};
		33E18E921A48A7E000DC44CD /* Build configuration list for PBXNativeTarget "FFT" */ = {
			isa = XCConfigurationList;
			buildConfigurations = (
				33E18E931A48A7E000DC44CD /* Debug */,
				33E18E941A48A7E000DC44CD /* Release */,
			);
			defaultConfigurationIsVisible = 0;
		};
/* End XCConfigurationList section */
	};
	rootObject = 33E18E831A48A7E000DC44CD /* Project object */;
}
